
Microsoft Visual Studio Solution File, Format Version 12.00
# Visual Studio Version 17
VisualStudioVersion = 17.11.35327.3
MinimumVisualStudioVersion = 10.0.40219.1
Project("{FAE04EC0-301F-11D3-BF4B-00C04F79EFBC}") = "DET.Booking.Service", "DET.Booking.Service\DET.Booking.Service.csproj", "{1851B0FD-C36A-4AA1-AA04-F6DAB2482903}"
EndProject
Project("{FAE04EC0-301F-11D3-BF4B-00C04F79EFBC}") = "DET.Booking.BusinessLogic", "DET.Booking.BusinessLogic\DET.Booking.BusinessLogic.csproj", "{DE351300-8131-41FB-96AA-0064F2B1748F}"
EndProject
Project("{FAE04EC0-301F-11D3-BF4B-00C04F79EFBC}") = "DET.Booking.Core", "DET.Booking.Core\DET.Booking.Core.csproj", "{2FF6737A-3DB3-4C80-8855-0ECC438AEA10}"
EndProject
Global
	GlobalSection(SolutionConfigurationPlatforms) = preSolution
		Debug|Any CPU = Debug|Any CPU
		Release|Any CPU = Release|Any CPU
	EndGlobalSection
	GlobalSection(ProjectConfigurationPlatforms) = postSolution
		{1851B0FD-C36A-4AA1-AA04-F6DAB2482903}.Debug|Any CPU.ActiveCfg = Debug|Any CPU
		{1851B0FD-C36A-4AA1-AA04-F6DAB2482903}.Debug|Any CPU.Build.0 = Debug|Any CPU
		{1851B0FD-C36A-4AA1-AA04-F6DAB2482903}.Release|Any CPU.ActiveCfg = Release|Any CPU
		{1851B0FD-C36A-4AA1-AA04-F6DAB2482903}.Release|Any CPU.Build.0 = Release|Any CPU
		{DE351300-8131-41FB-96AA-0064F2B1748F}.Debug|Any CPU.ActiveCfg = Debug|Any CPU
		{DE351300-8131-41FB-96AA-0064F2B1748F}.Debug|Any CPU.Build.0 = Debug|Any CPU
		{DE351300-8131-41FB-96AA-0064F2B1748F}.Release|Any CPU.ActiveCfg = Release|Any CPU
		{DE351300-8131-41FB-96AA-0064F2B1748F}.Release|Any CPU.Build.0 = Release|Any CPU
		{2FF6737A-3DB3-4C80-8855-0ECC438AEA10}.Debug|Any CPU.ActiveCfg = Debug|Any CPU
		{2FF6737A-3DB3-4C80-8855-0ECC438AEA10}.Debug|Any CPU.Build.0 = Debug|Any CPU
		{2FF6737A-3DB3-4C80-8855-0ECC438AEA10}.Release|Any CPU.ActiveCfg = Release|Any CPU
		{2FF6737A-3DB3-4C80-8855-0ECC438AEA10}.Release|Any CPU.Build.0 = Release|Any CPU
	EndGlobalSection
	GlobalSection(SolutionProperties) = preSolution
		HideSolutionNode = FALSE
	EndGlobalSection
	GlobalSection(ExtensibilityGlobals) = postSolution
		SolutionGuid = {8D37DE24-EBB0-47F5-A41B-5567EA9B62CC}
	EndGlobalSection
EndGlobal
